
Microsoft Visual Studio Solution File, Format Version 12.00
# Visual Studio Version 17
VisualStudioVersion = 17.5.33627.172
MinimumVisualStudioVersion = 10.0.40219.1
Project("{8BC9CEB8-8B4A-11D0-8D11-00A0C91BC942}") = "ErneubareEnergien", "ErneubareEnergien.vcxproj", "{A5DC8955-5BEB-411F-B03A-31D28997F315}"
EndProject
Global
	GlobalSection(SolutionConfigurationPlatforms) = preSolution
		Debug|x64 = Debug|x64
		Debug|x86 = Debug|x86
		Release|x64 = Release|x64
		Release|x86 = Release|x86
	EndGlobalSection
	GlobalSection(ProjectConfigurationPlatforms) = postSolution
		{A5DC8955-5BEB-411F-B03A-31D28997F315}.Debug|x64.ActiveCfg = Debug|x64
		{A5DC8955-5BEB-411F-B03A-31D28997F315}.Debug|x64.Build.0 = Debug|x64
		{A5DC8955-5BEB-411F-B03A-31D28997F315}.Debug|x86.ActiveCfg = Debug|Win32
		{A5DC8955-5BEB-411F-B03A-31D28997F315}.Debug|x86.Build.0 = Debug|Win32
		{A5DC8955-5BEB-411F-B03A-31D28997F315}.Release|x64.ActiveCfg = Release|x64
		{A5DC8955-5BEB-411F-B03A-31D28997F315}.Release|x64.Build.0 = Release|x64
		{A5DC8955-5BEB-411F-B03A-31D28997F315}.Release|x86.ActiveCfg = Release|Win32
		{A5DC8955-5BEB-411F-B03A-31D28997F315}.Release|x86.Build.0 = Release|Win32
	EndGlobalSection
	GlobalSection(SolutionProperties) = preSolution
		HideSolutionNode = FALSE
	EndGlobalSection
	GlobalSection(ExtensibilityGlobals) = postSolution
		SolutionGuid = {D48E3A2B-1EAE-4251-8999-51D961771A80}
	EndGlobalSection
EndGlobal
